
Microsoft Visual Studio Solution File, Format Version 12.00
# Visual Studio 2013
VisualStudioVersion = 12.0.21005.1
MinimumVisualStudioVersion = 10.0.40219.1
Project("{FAE04EC0-301F-11D3-BF4B-00C04F79EFBC}") = "MinimalProject", "MinimalProject\MinimalProject.csproj", "{182D31EA-20D3-4F0C-91CA-785EB522EB5E}"
EndProject
Project("{FAE04EC0-301F-11D3-BF4B-00C04F79EFBC}") = "Shared", "Shared\Shared.csproj", "{CD9EC671-18B4-4DFC-B69E-39FE3ED55472}"
EndProject
Project("{2150E333-8FDC-42A3-9474-1A3956D46DE8}") = "Examples", "Examples", "{3D627EFD-50D6-4B88-ABEB-3A630D65F9A6}"
EndProject
Project("{FAE04EC0-301F-11D3-BF4B-00C04F79EFBC}") = "Facets", "Facets\Facets.csproj", "{B8EC5E0C-5525-4914-B8C9-DC9CFABDA880}"
EndProject
Project("{FAE04EC0-301F-11D3-BF4B-00C04F79EFBC}") = "Streaming", "Streaming\Streaming.csproj", "{D9BDA008-DCB6-4D74-8364-43428A713A78}"
EndProject
Project("{FAE04EC0-301F-11D3-BF4B-00C04F79EFBC}") = "BulkInsert", "BulkInsert\BulkInsert.csproj", "{1299A4AD-C646-4AF5-A3B7-9C94CCCFB3E8}"
EndProject
Project("{FAE04EC0-301F-11D3-BF4B-00C04F79EFBC}") = "ChangesAPI", "ChangesAPI\ChangesAPI.csproj", "{63C46045-EEEA-4319-99D1-5CFA4170FE0F}"
EndProject
Project("{2150E333-8FDC-42A3-9474-1A3956D46DE8}") = "Advanced", "Advanced", "{9821B321-434E-4E78-8B90-BCDDC1FE613B}"
EndProject
Project("{2150E333-8FDC-42A3-9474-1A3956D46DE8}") = "Indexes", "Indexes", "{77904526-EFEA-40FF-95C4-3899887CF0D4}"
EndProject
Project("{FAE04EC0-301F-11D3-BF4B-00C04F79EFBC}") = "ReplicationDemo", "ReplicationDemo\ReplicationDemo.csproj", "{FCB68D63-4835-46FC-9551-3E575A5C8E5D}"
EndProject
Project("{FAE04EC0-301F-11D3-BF4B-00C04F79EFBC}") = "SimpleIndex", "SimpleIndex\SimpleIndex.csproj", "{BE3E071F-8A66-4BFD-A3F1-62C442A17C22}"
EndProject
Project("{FAE04EC0-301F-11D3-BF4B-00C04F79EFBC}") = "MapReduceIndex", "MapReduceIndex\MapReduceIndex.csproj", "{D98774D7-6A38-4BB3-9C6C-9DF3CBB93909}"
EndProject
Project("{FAE04EC0-301F-11D3-BF4B-00C04F79EFBC}") = "Lazy", "Lazy\Lazy.csproj", "{964C4B40-96AB-4A94-8BB4-7EC31E05EA3F}"
EndProject
Project("{FAE04EC0-301F-11D3-BF4B-00C04F79EFBC}") = "VoronDemo", "VoronDemo\VoronDemo.csproj", "{AB27DD1D-ADB3-45A2-AE97-CAD7CAD11D22}"
EndProject
Global
	GlobalSection(SolutionConfigurationPlatforms) = preSolution
		Debug|Any CPU = Debug|Any CPU
		Release|Any CPU = Release|Any CPU
	EndGlobalSection
	GlobalSection(ProjectConfigurationPlatforms) = postSolution
		{182D31EA-20D3-4F0C-91CA-785EB522EB5E}.Debug|Any CPU.ActiveCfg = Debug|Any CPU
		{182D31EA-20D3-4F0C-91CA-785EB522EB5E}.Debug|Any CPU.Build.0 = Debug|Any CPU
		{182D31EA-20D3-4F0C-91CA-785EB522EB5E}.Release|Any CPU.ActiveCfg = Release|Any CPU
		{182D31EA-20D3-4F0C-91CA-785EB522EB5E}.Release|Any CPU.Build.0 = Release|Any CPU
		{CD9EC671-18B4-4DFC-B69E-39FE3ED55472}.Debug|Any CPU.ActiveCfg = Debug|Any CPU
		{CD9EC671-18B4-4DFC-B69E-39FE3ED55472}.Debug|Any CPU.Build.0 = Debug|Any CPU
		{CD9EC671-18B4-4DFC-B69E-39FE3ED55472}.Release|Any CPU.ActiveCfg = Release|Any CPU
		{CD9EC671-18B4-4DFC-B69E-39FE3ED55472}.Release|Any CPU.Build.0 = Release|Any CPU
		{B8EC5E0C-5525-4914-B8C9-DC9CFABDA880}.Debug|Any CPU.ActiveCfg = Debug|Any CPU
		{B8EC5E0C-5525-4914-B8C9-DC9CFABDA880}.Debug|Any CPU.Build.0 = Debug|Any CPU
		{B8EC5E0C-5525-4914-B8C9-DC9CFABDA880}.Release|Any CPU.ActiveCfg = Release|Any CPU
		{B8EC5E0C-5525-4914-B8C9-DC9CFABDA880}.Release|Any CPU.Build.0 = Release|Any CPU
		{D9BDA008-DCB6-4D74-8364-43428A713A78}.Debug|Any CPU.ActiveCfg = Debug|Any CPU
		{D9BDA008-DCB6-4D74-8364-43428A713A78}.Debug|Any CPU.Build.0 = Debug|Any CPU
		{D9BDA008-DCB6-4D74-8364-43428A713A78}.Release|Any CPU.ActiveCfg = Release|Any CPU
		{D9BDA008-DCB6-4D74-8364-43428A713A78}.Release|Any CPU.Build.0 = Release|Any CPU
		{1299A4AD-C646-4AF5-A3B7-9C94CCCFB3E8}.Debug|Any CPU.ActiveCfg = Debug|Any CPU
		{1299A4AD-C646-4AF5-A3B7-9C94CCCFB3E8}.Debug|Any CPU.Build.0 = Debug|Any CPU
		{1299A4AD-C646-4AF5-A3B7-9C94CCCFB3E8}.Release|Any CPU.ActiveCfg = Release|Any CPU
		{1299A4AD-C646-4AF5-A3B7-9C94CCCFB3E8}.Release|Any CPU.Build.0 = Release|Any CPU
		{63C46045-EEEA-4319-99D1-5CFA4170FE0F}.Debug|Any CPU.ActiveCfg = Debug|Any CPU
		{63C46045-EEEA-4319-99D1-5CFA4170FE0F}.Debug|Any CPU.Build.0 = Debug|Any CPU
		{63C46045-EEEA-4319-99D1-5CFA4170FE0F}.Release|Any CPU.ActiveCfg = Release|Any CPU
		{63C46045-EEEA-4319-99D1-5CFA4170FE0F}.Release|Any CPU.Build.0 = Release|Any CPU
		{FCB68D63-4835-46FC-9551-3E575A5C8E5D}.Debug|Any CPU.ActiveCfg = Debug|Any CPU
		{FCB68D63-4835-46FC-9551-3E575A5C8E5D}.Debug|Any CPU.Build.0 = Debug|Any CPU
		{FCB68D63-4835-46FC-9551-3E575A5C8E5D}.Release|Any CPU.ActiveCfg = Release|Any CPU
		{FCB68D63-4835-46FC-9551-3E575A5C8E5D}.Release|Any CPU.Build.0 = Release|Any CPU
		{BE3E071F-8A66-4BFD-A3F1-62C442A17C22}.Debug|Any CPU.ActiveCfg = Debug|Any CPU
		{BE3E071F-8A66-4BFD-A3F1-62C442A17C22}.Debug|Any CPU.Build.0 = Debug|Any CPU
		{BE3E071F-8A66-4BFD-A3F1-62C442A17C22}.Release|Any CPU.ActiveCfg = Release|Any CPU
		{BE3E071F-8A66-4BFD-A3F1-62C442A17C22}.Release|Any CPU.Build.0 = Release|Any CPU
		{D98774D7-6A38-4BB3-9C6C-9DF3CBB93909}.Debug|Any CPU.ActiveCfg = Debug|Any CPU
		{D98774D7-6A38-4BB3-9C6C-9DF3CBB93909}.Debug|Any CPU.Build.0 = Debug|Any CPU
		{D98774D7-6A38-4BB3-9C6C-9DF3CBB93909}.Release|Any CPU.ActiveCfg = Release|Any CPU
		{D98774D7-6A38-4BB3-9C6C-9DF3CBB93909}.Release|Any CPU.Build.0 = Release|Any CPU
		{964C4B40-96AB-4A94-8BB4-7EC31E05EA3F}.Debug|Any CPU.ActiveCfg = Debug|Any CPU
		{964C4B40-96AB-4A94-8BB4-7EC31E05EA3F}.Debug|Any CPU.Build.0 = Debug|Any CPU
		{964C4B40-96AB-4A94-8BB4-7EC31E05EA3F}.Release|Any CPU.ActiveCfg = Release|Any CPU
		{964C4B40-96AB-4A94-8BB4-7EC31E05EA3F}.Release|Any CPU.Build.0 = Release|Any CPU
		{AB27DD1D-ADB3-45A2-AE97-CAD7CAD11D22}.Debug|Any CPU.ActiveCfg = Debug|Any CPU
		{AB27DD1D-ADB3-45A2-AE97-CAD7CAD11D22}.Debug|Any CPU.Build.0 = Debug|Any CPU
		{AB27DD1D-ADB3-45A2-AE97-CAD7CAD11D22}.Release|Any CPU.ActiveCfg = Release|Any CPU
		{AB27DD1D-ADB3-45A2-AE97-CAD7CAD11D22}.Release|Any CPU.Build.0 = Release|Any CPU
	EndGlobalSection
	GlobalSection(SolutionProperties) = preSolution
		HideSolutionNode = FALSE
	EndGlobalSection
	GlobalSection(NestedProjects) = preSolution
		{9821B321-434E-4E78-8B90-BCDDC1FE613B} = {3D627EFD-50D6-4B88-ABEB-3A630D65F9A6}
		{77904526-EFEA-40FF-95C4-3899887CF0D4} = {3D627EFD-50D6-4B88-ABEB-3A630D65F9A6}
		{D9BDA008-DCB6-4D74-8364-43428A713A78} = {9821B321-434E-4E78-8B90-BCDDC1FE613B}
		{1299A4AD-C646-4AF5-A3B7-9C94CCCFB3E8} = {9821B321-434E-4E78-8B90-BCDDC1FE613B}
		{63C46045-EEEA-4319-99D1-5CFA4170FE0F} = {9821B321-434E-4E78-8B90-BCDDC1FE613B}
		{B8EC5E0C-5525-4914-B8C9-DC9CFABDA880} = {9821B321-434E-4E78-8B90-BCDDC1FE613B}
		{964C4B40-96AB-4A94-8BB4-7EC31E05EA3F} = {9821B321-434E-4E78-8B90-BCDDC1FE613B}
		{BE3E071F-8A66-4BFD-A3F1-62C442A17C22} = {77904526-EFEA-40FF-95C4-3899887CF0D4}
		{D98774D7-6A38-4BB3-9C6C-9DF3CBB93909} = {77904526-EFEA-40FF-95C4-3899887CF0D4}
	EndGlobalSection
EndGlobal
